
Microsoft Visual Studio Solution File, Format Version 12.00
# Visual Studio 2012
Project("{FAE04EC0-301F-11D3-BF4B-00C04F79EFBC}") = "teste", "teste\teste.csproj", "{A88F7F72-5220-461A-9483-BEF2247B0699}"
EndProject
Global
	GlobalSection(SolutionConfigurationPlatforms) = preSolution
		Debug|Any CPU = Debug|Any CPU
		Release|Any CPU = Release|Any CPU
	EndGlobalSection
	GlobalSection(ProjectConfigurationPlatforms) = postSolution
		{A88F7F72-5220-461A-9483-BEF2247B0699}.Debug|Any CPU.ActiveCfg = Debug|Any CPU
		{A88F7F72-5220-461A-9483-BEF2247B0699}.Debug|Any CPU.Build.0 = Debug|Any CPU
		{A88F7F72-5220-461A-9483-BEF2247B0699}.Release|Any CPU.ActiveCfg = Release|Any CPU
		{A88F7F72-5220-461A-9483-BEF2247B0699}.Release|Any CPU.Build.0 = Release|Any CPU
	EndGlobalSection
EndGlobal
